// !$*UTF8*$!
{
	archiveVersion = 1;
	classes = {
	};
	objectVersion = 46;
	objects = {

/* Begin PBXBuildFile section */
		FD15DF751D27BC9300EF8100 /* lx_icon.png in Resources */ = {isa = PBXBuildFile; fileRef = FD15DF741D27BC9300EF8100 /* lx_icon.png */; };
		FD15DF781D27F32E00EF8100 /* DateTimePicker.m in Sources */ = {isa = PBXBuildFile; fileRef = FD15DF761D27F32E00EF8100 /* DateTimePicker.m */; };
		FD28F8FE1D281AF90064D94F /* very.gif in Resources */ = {isa = PBXBuildFile; fileRef = FD28F8F81D281AF90064D94F /* very.gif */; };
		FD28F8FF1D281AF90064D94F /* poor.gif in Resources */ = {isa = PBXBuildFile; fileRef = FD28F8F91D281AF90064D94F /* poor.gif */; };
		FD28F9001D281AF90064D94F /* need.gif in Resources */ = {isa = PBXBuildFile; fileRef = FD28F8FA1D281AF90064D94F /* need.gif */; };
		FD28F9011D281AF90064D94F /* good.gif in Resources */ = {isa = PBXBuildFile; fileRef = FD28F8FB1D281AF90064D94F /* good.gif */; };
		FD28F9021D281AF90064D94F /* general.gif in Resources */ = {isa = PBXBuildFile; fileRef = FD28F8FC1D281AF90064D94F /* general.gif */; };
		FD28F9031D281AFA0064D94F /* dontneed.gif in Resources */ = {isa = PBXBuildFile; fileRef = FD28F8FD1D281AF90064D94F /* dontneed.gif */; };
		FD28F9061D281DDF0064D94F /* PageContentViewController.m in Sources */ = {isa = PBXBuildFile; fileRef = FD28F9051D281DDF0064D94F /* PageContentViewController.m */; };
		FD4F2FC31CFDC2FF00F16054 /* HistoryController.m in Sources */ = {isa = PBXBuildFile; fileRef = FD4F2FC21CFDC2FF00F16054 /* HistoryController.m */; };
		FD4F2FC61CFDDC4000F16054 /* DeviceAddController.m in Sources */ = {isa = PBXBuildFile; fileRef = FD4F2FC51CFDDC4000F16054 /* DeviceAddController.m */; };
		FD4F2FC81CFDE09500F16054 /* libsmartlinklib_7x.a in Frameworks */ = {isa = PBXBuildFile; fileRef = FD4F2FC71CFDE09500F16054 /* libsmartlinklib_7x.a */; };
		FD4F2FCE1CFDEC3500F16054 /* PersonNicknameController.m in Sources */ = {isa = PBXBuildFile; fileRef = FD4F2FCD1CFDEC3500F16054 /* PersonNicknameController.m */; };
		FD4F2FD11CFDEC4900F16054 /* PersonPasswordController.m in Sources */ = {isa = PBXBuildFile; fileRef = FD4F2FD01CFDEC4900F16054 /* PersonPasswordController.m */; };
		FD4F2FD41CFDEC5D00F16054 /* PersonFeedbackController.m in Sources */ = {isa = PBXBuildFile; fileRef = FD4F2FD31CFDEC5D00F16054 /* PersonFeedbackController.m */; };
		FD4F2FD71CFDF3EC00F16054 /* Main.storyboard in Resources */ = {isa = PBXBuildFile; fileRef = FD4F2FD51CFDF3EC00F16054 /* Main.storyboard */; };
		FD5A77B91CFE6D3700442E3F /* DeviceInfoController.m in Sources */ = {isa = PBXBuildFile; fileRef = FD5A77B81CFE6D3700442E3F /* DeviceInfoController.m */; };
		FD5A77BC1CFE74BA00442E3F /* DeviceDetailReviseController.m in Sources */ = {isa = PBXBuildFile; fileRef = FD5A77BB1CFE74BA00442E3F /* DeviceDetailReviseController.m */; };
		FD5A77BF1CFE7EE900442E3F /* RegisterController.m in Sources */ = {isa = PBXBuildFile; fileRef = FD5A77BE1CFE7EE900442E3F /* RegisterController.m */; };
		FD5A77C21CFE852400442E3F /* ForgetPwdController.m in Sources */ = {isa = PBXBuildFile; fileRef = FD5A77C11CFE852400442E3F /* ForgetPwdController.m */; };
		FD7F0D831D263F02008A3412 /* room_bg.png in Resources */ = {isa = PBXBuildFile; fileRef = FD7F0D791D263F02008A3412 /* room_bg.png */; };
		FD7F0D841D263F02008A3412 /* line_icon.png in Resources */ = {isa = PBXBuildFile; fileRef = FD7F0D7A1D263F02008A3412 /* line_icon.png */; };
		FD7F0D851D263F02008A3412 /* ic_ele_5.png in Resources */ = {isa = PBXBuildFile; fileRef = FD7F0D7B1D263F02008A3412 /* ic_ele_5.png */; };
		FD7F0D861D263F02008A3412 /* ic_ele_4.png in Resources */ = {isa = PBXBuildFile; fileRef = FD7F0D7C1D263F02008A3412 /* ic_ele_4.png */; };
		FD7F0D871D263F02008A3412 /* ic_ele_3.png in Resources */ = {isa = PBXBuildFile; fileRef = FD7F0D7D1D263F02008A3412 /* ic_ele_3.png */; };
		FD7F0D881D263F02008A3412 /* ic_ele_2.png in Resources */ = {isa = PBXBuildFile; fileRef = FD7F0D7E1D263F02008A3412 /* ic_ele_2.png */; };
		FD7F0D891D263F02008A3412 /* ic_ele_1.png in Resources */ = {isa = PBXBuildFile; fileRef = FD7F0D7F1D263F02008A3412 /* ic_ele_1.png */; };
		FD7F0D8A1D263F02008A3412 /* bg_wendu.png in Resources */ = {isa = PBXBuildFile; fileRef = FD7F0D801D263F02008A3412 /* bg_wendu.png */; };
		FD7F0D8B1D263F02008A3412 /* bg_pm.png in Resources */ = {isa = PBXBuildFile; fileRef = FD7F0D811D263F02008A3412 /* bg_pm.png */; };
		FD7F0D8C1D263F02008A3412 /* bg_jiaquan.png in Resources */ = {isa = PBXBuildFile; fileRef = FD7F0D821D263F02008A3412 /* bg_jiaquan.png */; };
		FD91C20B1CFA79F900E00A71 /* main.m in Sources */ = {isa = PBXBuildFile; fileRef = FD91C20A1CFA79F900E00A71 /* main.m */; };
		FD91C20E1CFA79F900E00A71 /* AppDelegate.m in Sources */ = {isa = PBXBuildFile; fileRef = FD91C20D1CFA79F900E00A71 /* AppDelegate.m */; };
		FD91C2111CFA79F900E00A71 /* ViewController.m in Sources */ = {isa = PBXBuildFile; fileRef = FD91C2101CFA79F900E00A71 /* ViewController.m */; };
		FD91C2161CFA79F900E00A71 /* Assets.xcassets in Resources */ = {isa = PBXBuildFile; fileRef = FD91C2151CFA79F900E00A71 /* Assets.xcassets */; };
		FD91C2241CFA79F900E00A71 /* airtreeTests.m in Sources */ = {isa = PBXBuildFile; fileRef = FD91C2231CFA79F900E00A71 /* airtreeTests.m */; };
		FD91C22F1CFA79F900E00A71 /* airtreeUITests.m in Sources */ = {isa = PBXBuildFile; fileRef = FD91C22E1CFA79F900E00A71 /* airtreeUITests.m */; };
		FD91C2411CFA7BD900E00A71 /* start_1242x2208.png in Resources */ = {isa = PBXBuildFile; fileRef = FD91C23D1CFA7BD900E00A71 /* start_1242x2208.png */; };
		FD91C2421CFA7BD900E00A71 /* start_320x480.png in Resources */ = {isa = PBXBuildFile; fileRef = FD91C23E1CFA7BD900E00A71 /* start_320x480.png */; };
		FD91C2431CFA7BD900E00A71 /* start_640x960.png in Resources */ = {isa = PBXBuildFile; fileRef = FD91C23F1CFA7BD900E00A71 /* start_640x960.png */; };
		FD91C2441CFA7BD900E00A71 /* start_750x1334.png in Resources */ = {isa = PBXBuildFile; fileRef = FD91C2401CFA7BD900E00A71 /* start_750x1334.png */; };
		FD91C2461CFA7D6900E00A71 /* start_640x1136.png in Resources */ = {isa = PBXBuildFile; fileRef = FD91C2451CFA7D6900E00A71 /* start_640x1136.png */; };
		FD9A8E2A1CFA872100D31032 /* ic_launcher_58x58.png in Resources */ = {isa = PBXBuildFile; fileRef = FD9A8E251CFA872100D31032 /* ic_launcher_58x58.png */; };
		FD9A8E2B1CFA872100D31032 /* ic_launcher_80x80.png in Resources */ = {isa = PBXBuildFile; fileRef = FD9A8E261CFA872100D31032 /* ic_launcher_80x80.png */; };
		FD9A8E2C1CFA872100D31032 /* ic_launcher_87x87.png in Resources */ = {isa = PBXBuildFile; fileRef = FD9A8E271CFA872100D31032 /* ic_launcher_87x87.png */; };
		FD9A8E2D1CFA872100D31032 /* ic_launcher_120x120.png in Resources */ = {isa = PBXBuildFile; fileRef = FD9A8E281CFA872100D31032 /* ic_launcher_120x120.png */; };
		FD9A8E2E1CFA872100D31032 /* ic_launcher_180x180.png in Resources */ = {isa = PBXBuildFile; fileRef = FD9A8E291CFA872100D31032 /* ic_launcher_180x180.png */; };
		FD9A8E301CFA895E00D31032 /* logo.png in Resources */ = {isa = PBXBuildFile; fileRef = FD9A8E2F1CFA895E00D31032 /* logo.png */; };
		FD9A8E511CFAAF0900D31032 /* NSDate+RFC1123.m in Sources */ = {isa = PBXBuildFile; fileRef = FD9A8E3A1CFAAF0900D31032 /* NSDate+RFC1123.m */; };
		FD9A8E521CFAAF0900D31032 /* NSDictionary+MKNKAdditions.m in Sources */ = {isa = PBXBuildFile; fileRef = FD9A8E3C1CFAAF0900D31032 /* NSDictionary+MKNKAdditions.m */; };
		FD9A8E531CFAAF0900D31032 /* NSHTTPURLResponse+MKNKAdditions.m in Sources */ = {isa = PBXBuildFile; fileRef = FD9A8E3E1CFAAF0900D31032 /* NSHTTPURLResponse+MKNKAdditions.m */; };
		FD9A8E541CFAAF0900D31032 /* NSMutableDictionary+MKNKAdditions.m in Sources */ = {isa = PBXBuildFile; fileRef = FD9A8E401CFAAF0900D31032 /* NSMutableDictionary+MKNKAdditions.m */; };
		FD9A8E551CFAAF0900D31032 /* NSString+MKNKAdditions.m in Sources */ = {isa = PBXBuildFile; fileRef = FD9A8E421CFAAF0900D31032 /* NSString+MKNKAdditions.m */; };
		FD9A8E561CFAAF0900D31032 /* UIAlertView+MKNKAdditions.m in Sources */ = {isa = PBXBuildFile; fileRef = FD9A8E441CFAAF0900D31032 /* UIAlertView+MKNKAdditions.m */; };
		FD9A8E571CFAAF0900D31032 /* UIImageView+MKNKAdditions.m in Sources */ = {isa = PBXBuildFile; fileRef = FD9A8E461CFAAF0900D31032 /* UIImageView+MKNKAdditions.m */; };
		FD9A8E581CFAAF0900D31032 /* MKCache.m in Sources */ = {isa = PBXBuildFile; fileRef = FD9A8E481CFAAF0900D31032 /* MKCache.m */; };
		FD9A8E591CFAAF0900D31032 /* MKNetworkHost.m in Sources */ = {isa = PBXBuildFile; fileRef = FD9A8E4A1CFAAF0900D31032 /* MKNetworkHost.m */; };
		FD9A8E5A1CFAAF0900D31032 /* MKNetworkRequest.m in Sources */ = {isa = PBXBuildFile; fileRef = FD9A8E4D1CFAAF0900D31032 /* MKNetworkRequest.m */; };
		FD9A8E5B1CFAAF0900D31032 /* MKObject.m in Sources */ = {isa = PBXBuildFile; fileRef = FD9A8E4F1CFAAF0900D31032 /* MKObject.m */; };
		FD9A8EBF1CFB193B00D31032 /* MainController.m in Sources */ = {isa = PBXBuildFile; fileRef = FD9A8EBE1CFB193B00D31032 /* MainController.m */; };
		FD9A8EC81CFB1D0900D31032 /* ic_device.png in Resources */ = {isa = PBXBuildFile; fileRef = FD9A8EC71CFB1D0900D31032 /* ic_device.png */; };
		FD9A8ECB1CFB1F1E00D31032 /* ic_person.png in Resources */ = {isa = PBXBuildFile; fileRef = FD9A8EC91CFB1F1E00D31032 /* ic_person.png */; };
		FD9A8ECC1CFB1F1E00D31032 /* ic_shop.png in Resources */ = {isa = PBXBuildFile; fileRef = FD9A8ECA1CFB1F1E00D31032 /* ic_shop.png */; };
		FD9A8ECF1CFB223E00D31032 /* ShopController.m in Sources */ = {isa = PBXBuildFile; fileRef = FD9A8ECE1CFB223E00D31032 /* ShopController.m */; };
		FD9A8ED21CFB34CE00D31032 /* PersonController.m in Sources */ = {isa = PBXBuildFile; fileRef = FD9A8ED11CFB34CE00D31032 /* PersonController.m */; };
		FD9A8ED51CFB3C1000D31032 /* Person.m in Sources */ = {isa = PBXBuildFile; fileRef = FD9A8ED41CFB3C1000D31032 /* Person.m */; };
		FD9A8ED71CFB460700D31032 /* ic_history.png in Resources */ = {isa = PBXBuildFile; fileRef = FD9A8ED61CFB460700D31032 /* ic_history.png */; };
		FD9A8EDA1CFB4EB000D31032 /* DeviceManageController.m in Sources */ = {isa = PBXBuildFile; fileRef = FD9A8ED91CFB4EB000D31032 /* DeviceManageController.m */; };
		FDACDD461D24B8ED00526DA9 /* DeviceViewController.m in Sources */ = {isa = PBXBuildFile; fileRef = FDACDD451D24B8ED00526DA9 /* DeviceViewController.m */; };
		FDDB570A1D260599006E0008 /* BackgroundRunner.m in Sources */ = {isa = PBXBuildFile; fileRef = FDDB57081D260599006E0008 /* BackgroundRunner.m */; };
		FDDB570C1D2617C1006E0008 /* ic_shop_blue.png in Resources */ = {isa = PBXBuildFile; fileRef = FDDB570B1D2617C1006E0008 /* ic_shop_blue.png */; };
		FDF4C6B01D2951FF0064B0D0 /* MonitorController.m in Sources */ = {isa = PBXBuildFile; fileRef = FDF4C6AF1D2951FF0064B0D0 /* MonitorController.m */; };
/* End PBXBuildFile section */

/* Begin PBXContainerItemProxy section */
		FD91C2201CFA79F900E00A71 /* PBXContainerItemProxy */ = {
			isa = PBXContainerItemProxy;
			containerPortal = FD91C1FE1CFA79F900E00A71 /* Project object */;
			proxyType = 1;
			remoteGlobalIDString = FD91C2051CFA79F900E00A71;
			remoteInfo = airtree;
		};
		FD91C22B1CFA79F900E00A71 /* PBXContainerItemProxy */ = {
			isa = PBXContainerItemProxy;
			containerPortal = FD91C1FE1CFA79F900E00A71 /* Project object */;
			proxyType = 1;
			remoteGlobalIDString = FD91C2051CFA79F900E00A71;
			remoteInfo = airtree;
		};
/* End PBXContainerItemProxy section */

/* Begin PBXFileReference section */
		FD15DF741D27BC9300EF8100 /* lx_icon.png */ = {isa = PBXFileReference; lastKnownFileType = image.png; path = lx_icon.png; sourceTree = "<group>"; };
		FD15DF761D27F32E00EF8100 /* DateTimePicker.m */ = {isa = PBXFileReference; fileEncoding = 4; lastKnownFileType = sourcecode.c.objc; path = DateTimePicker.m; sourceTree = "<group>"; };
		FD15DF771D27F32E00EF8100 /* DateTimePicker.h */ = {isa = PBXFileReference; fileEncoding = 4; lastKnownFileType = sourcecode.c.h; path = DateTimePicker.h; sourceTree = "<group>"; };
		FD28F8F81D281AF90064D94F /* very.gif */ = {isa = PBXFileReference; lastKnownFileType = image.gif; path = very.gif; sourceTree = "<group>"; };
		FD28F8F91D281AF90064D94F /* poor.gif */ = {isa = PBXFileReference; lastKnownFileType = image.gif; path = poor.gif; sourceTree = "<group>"; };
		FD28F8FA1D281AF90064D94F /* need.gif */ = {isa = PBXFileReference; lastKnownFileType = image.gif; path = need.gif; sourceTree = "<group>"; };
		FD28F8FB1D281AF90064D94F /* good.gif */ = {isa = PBXFileReference; lastKnownFileType = image.gif; path = good.gif; sourceTree = "<group>"; };
		FD28F8FC1D281AF90064D94F /* general.gif */ = {isa = PBXFileReference; lastKnownFileType = image.gif; path = general.gif; sourceTree = "<group>"; };
		FD28F8FD1D281AF90064D94F /* dontneed.gif */ = {isa = PBXFileReference; lastKnownFileType = image.gif; path = dontneed.gif; sourceTree = "<group>"; };
		FD28F9041D281DDF0064D94F /* PageContentViewController.h */ = {isa = PBXFileReference; fileEncoding = 4; lastKnownFileType = sourcecode.c.h; path = PageContentViewController.h; sourceTree = "<group>"; };
		FD28F9051D281DDF0064D94F /* PageContentViewController.m */ = {isa = PBXFileReference; fileEncoding = 4; lastKnownFileType = sourcecode.c.objc; path = PageContentViewController.m; sourceTree = "<group>"; };
		FD4F2FC11CFDC2FF00F16054 /* HistoryController.h */ = {isa = PBXFileReference; fileEncoding = 4; lastKnownFileType = sourcecode.c.h; path = HistoryController.h; sourceTree = "<group>"; };
		FD4F2FC21CFDC2FF00F16054 /* HistoryController.m */ = {isa = PBXFileReference; fileEncoding = 4; lastKnownFileType = sourcecode.c.objc; path = HistoryController.m; sourceTree = "<group>"; };
		FD4F2FC41CFDDC4000F16054 /* DeviceAddController.h */ = {isa = PBXFileReference; fileEncoding = 4; lastKnownFileType = sourcecode.c.h; path = DeviceAddController.h; sourceTree = "<group>"; };
		FD4F2FC51CFDDC4000F16054 /* DeviceAddController.m */ = {isa = PBXFileReference; fileEncoding = 4; lastKnownFileType = sourcecode.c.objc; path = DeviceAddController.m; sourceTree = "<group>"; };
		FD4F2FC71CFDE09500F16054 /* libsmartlinklib_7x.a */ = {isa = PBXFileReference; lastKnownFileType = archive.ar; path = libsmartlinklib_7x.a; sourceTree = "<group>"; };
		FD4F2FC91CFDE0AF00F16054 /* HFSmartLink.h */ = {isa = PBXFileReference; fileEncoding = 4; lastKnownFileType = sourcecode.c.h; path = HFSmartLink.h; sourceTree = "<group>"; };
		FD4F2FCA1CFDE0AF00F16054 /* HFSmartLinkDeviceInfo.h */ = {isa = PBXFileReference; fileEncoding = 4; lastKnownFileType = sourcecode.c.h; path = HFSmartLinkDeviceInfo.h; sourceTree = "<group>"; };
		FD4F2FCB1CFDE0AF00F16054 /* smartlinklib_7x.h */ = {isa = PBXFileReference; fileEncoding = 4; lastKnownFileType = sourcecode.c.h; path = smartlinklib_7x.h; sourceTree = "<group>"; };
		FD4F2FCC1CFDEC3500F16054 /* PersonNicknameController.h */ = {isa = PBXFileReference; fileEncoding = 4; lastKnownFileType = sourcecode.c.h; path = PersonNicknameController.h; sourceTree = "<group>"; };
		FD4F2FCD1CFDEC3500F16054 /* PersonNicknameController.m */ = {isa = PBXFileReference; fileEncoding = 4; lastKnownFileType = sourcecode.c.objc; path = PersonNicknameController.m; sourceTree = "<group>"; };
		FD4F2FCF1CFDEC4900F16054 /* PersonPasswordController.h */ = {isa = PBXFileReference; fileEncoding = 4; lastKnownFileType = sourcecode.c.h; path = PersonPasswordController.h; sourceTree = "<group>"; };
		FD4F2FD01CFDEC4900F16054 /* PersonPasswordController.m */ = {isa = PBXFileReference; fileEncoding = 4; lastKnownFileType = sourcecode.c.objc; path = PersonPasswordController.m; sourceTree = "<group>"; };
		FD4F2FD21CFDEC5D00F16054 /* PersonFeedbackController.h */ = {isa = PBXFileReference; fileEncoding = 4; lastKnownFileType = sourcecode.c.h; path = PersonFeedbackController.h; sourceTree = "<group>"; };
		FD4F2FD31CFDEC5D00F16054 /* PersonFeedbackController.m */ = {isa = PBXFileReference; fileEncoding = 4; lastKnownFileType = sourcecode.c.objc; path = PersonFeedbackController.m; sourceTree = "<group>"; };
		FD4F2FD61CFDF3EC00F16054 /* Base */ = {isa = PBXFileReference; lastKnownFileType = file.storyboard; name = Base; path = Base.lproj/Main.storyboard; sourceTree = "<group>"; };
		FD5A77B71CFE6D3700442E3F /* DeviceInfoController.h */ = {isa = PBXFileReference; fileEncoding = 4; lastKnownFileType = sourcecode.c.h; path = DeviceInfoController.h; sourceTree = "<group>"; };
		FD5A77B81CFE6D3700442E3F /* DeviceInfoController.m */ = {isa = PBXFileReference; fileEncoding = 4; lastKnownFileType = sourcecode.c.objc; path = DeviceInfoController.m; sourceTree = "<group>"; };
		FD5A77BA1CFE74BA00442E3F /* DeviceDetailReviseController.h */ = {isa = PBXFileReference; fileEncoding = 4; lastKnownFileType = sourcecode.c.h; path = DeviceDetailReviseController.h; sourceTree = "<group>"; };
		FD5A77BB1CFE74BA00442E3F /* DeviceDetailReviseController.m */ = {isa = PBXFileReference; fileEncoding = 4; lastKnownFileType = sourcecode.c.objc; path = DeviceDetailReviseController.m; sourceTree = "<group>"; };
		FD5A77BD1CFE7EE900442E3F /* RegisterController.h */ = {isa = PBXFileReference; fileEncoding = 4; lastKnownFileType = sourcecode.c.h; path = RegisterController.h; sourceTree = "<group>"; };
		FD5A77BE1CFE7EE900442E3F /* RegisterController.m */ = {isa = PBXFileReference; fileEncoding = 4; lastKnownFileType = sourcecode.c.objc; path = RegisterController.m; sourceTree = "<group>"; };
		FD5A77C01CFE852400442E3F /* ForgetPwdController.h */ = {isa = PBXFileReference; fileEncoding = 4; lastKnownFileType = sourcecode.c.h; path = ForgetPwdController.h; sourceTree = "<group>"; };
		FD5A77C11CFE852400442E3F /* ForgetPwdController.m */ = {isa = PBXFileReference; fileEncoding = 4; lastKnownFileType = sourcecode.c.objc; path = ForgetPwdController.m; sourceTree = "<group>"; };
		FD7F0D791D263F02008A3412 /* room_bg.png */ = {isa = PBXFileReference; lastKnownFileType = image.png; path = room_bg.png; sourceTree = "<group>"; };
		FD7F0D7A1D263F02008A3412 /* line_icon.png */ = {isa = PBXFileReference; lastKnownFileType = image.png; path = line_icon.png; sourceTree = "<group>"; };
		FD7F0D7B1D263F02008A3412 /* ic_ele_5.png */ = {isa = PBXFileReference; lastKnownFileType = image.png; path = ic_ele_5.png; sourceTree = "<group>"; };
		FD7F0D7C1D263F02008A3412 /* ic_ele_4.png */ = {isa = PBXFileReference; lastKnownFileType = image.png; path = ic_ele_4.png; sourceTree = "<group>"; };
		FD7F0D7D1D263F02008A3412 /* ic_ele_3.png */ = {isa = PBXFileReference; lastKnownFileType = image.png; path = ic_ele_3.png; sourceTree = "<group>"; };
		FD7F0D7E1D263F02008A3412 /* ic_ele_2.png */ = {isa = PBXFileReference; lastKnownFileType = image.png; path = ic_ele_2.png; sourceTree = "<group>"; };
		FD7F0D7F1D263F02008A3412 /* ic_ele_1.png */ = {isa = PBXFileReference; lastKnownFileType = image.png; path = ic_ele_1.png; sourceTree = "<group>"; };
		FD7F0D801D263F02008A3412 /* bg_wendu.png */ = {isa = PBXFileReference; lastKnownFileType = image.png; path = bg_wendu.png; sourceTree = "<group>"; };
		FD7F0D811D263F02008A3412 /* bg_pm.png */ = {isa = PBXFileReference; lastKnownFileType = image.png; path = bg_pm.png; sourceTree = "<group>"; };
		FD7F0D821D263F02008A3412 /* bg_jiaquan.png */ = {isa = PBXFileReference; lastKnownFileType = image.png; path = bg_jiaquan.png; sourceTree = "<group>"; };
		FD91C2061CFA79F900E00A71 /* airtree.app */ = {isa = PBXFileReference; explicitFileType = wrapper.application; includeInIndex = 0; path = airtree.app; sourceTree = BUILT_PRODUCTS_DIR; };
		FD91C20A1CFA79F900E00A71 /* main.m */ = {isa = PBXFileReference; lastKnownFileType = sourcecode.c.objc; path = main.m; sourceTree = "<group>"; };
		FD91C20C1CFA79F900E00A71 /* AppDelegate.h */ = {isa = PBXFileReference; lastKnownFileType = sourcecode.c.h; path = AppDelegate.h; sourceTree = "<group>"; };
		FD91C20D1CFA79F900E00A71 /* AppDelegate.m */ = {isa = PBXFileReference; lastKnownFileType = sourcecode.c.objc; path = AppDelegate.m; sourceTree = "<group>"; };
		FD91C20F1CFA79F900E00A71 /* ViewController.h */ = {isa = PBXFileReference; lastKnownFileType = sourcecode.c.h; path = ViewController.h; sourceTree = "<group>"; };
		FD91C2101CFA79F900E00A71 /* ViewController.m */ = {isa = PBXFileReference; lastKnownFileType = sourcecode.c.objc; path = ViewController.m; sourceTree = "<group>"; };
		FD91C2151CFA79F900E00A71 /* Assets.xcassets */ = {isa = PBXFileReference; lastKnownFileType = folder.assetcatalog; path = Assets.xcassets; sourceTree = "<group>"; };
		FD91C21A1CFA79F900E00A71 /* Info.plist */ = {isa = PBXFileReference; lastKnownFileType = text.plist.xml; path = Info.plist; sourceTree = "<group>"; };
		FD91C21F1CFA79F900E00A71 /* airtreeTests.xctest */ = {isa = PBXFileReference; explicitFileType = wrapper.cfbundle; includeInIndex = 0; path = airtreeTests.xctest; sourceTree = BUILT_PRODUCTS_DIR; };
		FD91C2231CFA79F900E00A71 /* airtreeTests.m */ = {isa = PBXFileReference; lastKnownFileType = sourcecode.c.objc; path = airtreeTests.m; sourceTree = "<group>"; };
		FD91C2251CFA79F900E00A71 /* Info.plist */ = {isa = PBXFileReference; lastKnownFileType = text.plist.xml; path = Info.plist; sourceTree = "<group>"; };
		FD91C22A1CFA79F900E00A71 /* airtreeUITests.xctest */ = {isa = PBXFileReference; explicitFileType = wrapper.cfbundle; includeInIndex = 0; path = airtreeUITests.xctest; sourceTree = BUILT_PRODUCTS_DIR; };
		FD91C22E1CFA79F900E00A71 /* airtreeUITests.m */ = {isa = PBXFileReference; lastKnownFileType = sourcecode.c.objc; path = airtreeUITests.m; sourceTree = "<group>"; };
		FD91C2301CFA79F900E00A71 /* Info.plist */ = {isa = PBXFileReference; lastKnownFileType = text.plist.xml; path = Info.plist; sourceTree = "<group>"; };
		FD91C23D1CFA7BD900E00A71 /* start_1242x2208.png */ = {isa = PBXFileReference; lastKnownFileType = image.png; path = start_1242x2208.png; sourceTree = "<group>"; };
		FD91C23E1CFA7BD900E00A71 /* start_320x480.png */ = {isa = PBXFileReference; lastKnownFileType = image.png; path = start_320x480.png; sourceTree = "<group>"; };
		FD91C23F1CFA7BD900E00A71 /* start_640x960.png */ = {isa = PBXFileReference; lastKnownFileType = image.png; path = start_640x960.png; sourceTree = "<group>"; };
		FD91C2401CFA7BD900E00A71 /* start_750x1334.png */ = {isa = PBXFileReference; lastKnownFileType = image.png; path = start_750x1334.png; sourceTree = "<group>"; };
		FD91C2451CFA7D6900E00A71 /* start_640x1136.png */ = {isa = PBXFileReference; lastKnownFileType = image.png; path = start_640x1136.png; sourceTree = "<group>"; };
		FD9A8E251CFA872100D31032 /* ic_launcher_58x58.png */ = {isa = PBXFileReference; lastKnownFileType = image.png; path = ic_launcher_58x58.png; sourceTree = "<group>"; };
		FD9A8E261CFA872100D31032 /* ic_launcher_80x80.png */ = {isa = PBXFileReference; lastKnownFileType = image.png; path = ic_launcher_80x80.png; sourceTree = "<group>"; };
		FD9A8E271CFA872100D31032 /* ic_launcher_87x87.png */ = {isa = PBXFileReference; lastKnownFileType = image.png; path = ic_launcher_87x87.png; sourceTree = "<group>"; };
		FD9A8E281CFA872100D31032 /* ic_launcher_120x120.png */ = {isa = PBXFileReference; lastKnownFileType = image.png; path = ic_launcher_120x120.png; sourceTree = "<group>"; };
		FD9A8E291CFA872100D31032 /* ic_launcher_180x180.png */ = {isa = PBXFileReference; lastKnownFileType = image.png; path = ic_launcher_180x180.png; sourceTree = "<group>"; };
		FD9A8E2F1CFA895E00D31032 /* logo.png */ = {isa = PBXFileReference; lastKnownFileType = image.png; path = logo.png; sourceTree = "<group>"; };
		FD9A8E391CFAAF0900D31032 /* NSDate+RFC1123.h */ = {isa = PBXFileReference; fileEncoding = 4; lastKnownFileType = sourcecode.c.h; path = "NSDate+RFC1123.h"; sourceTree = "<group>"; };
		FD9A8E3A1CFAAF0900D31032 /* NSDate+RFC1123.m */ = {isa = PBXFileReference; fileEncoding = 4; lastKnownFileType = sourcecode.c.objc; path = "NSDate+RFC1123.m"; sourceTree = "<group>"; };
		FD9A8E3B1CFAAF0900D31032 /* NSDictionary+MKNKAdditions.h */ = {isa = PBXFileReference; fileEncoding = 4; lastKnownFileType = sourcecode.c.h; path = "NSDictionary+MKNKAdditions.h"; sourceTree = "<group>"; };
		FD9A8E3C1CFAAF0900D31032 /* NSDictionary+MKNKAdditions.m */ = {isa = PBXFileReference; fileEncoding = 4; lastKnownFileType = sourcecode.c.objc; path = "NSDictionary+MKNKAdditions.m"; sourceTree = "<group>"; };
		FD9A8E3D1CFAAF0900D31032 /* NSHTTPURLResponse+MKNKAdditions.h */ = {isa = PBXFileReference; fileEncoding = 4; lastKnownFileType = sourcecode.c.h; path = "NSHTTPURLResponse+MKNKAdditions.h"; sourceTree = "<group>"; };
		FD9A8E3E1CFAAF0900D31032 /* NSHTTPURLResponse+MKNKAdditions.m */ = {isa = PBXFileReference; fileEncoding = 4; lastKnownFileType = sourcecode.c.objc; path = "NSHTTPURLResponse+MKNKAdditions.m"; sourceTree = "<group>"; };
		FD9A8E3F1CFAAF0900D31032 /* NSMutableDictionary+MKNKAdditions.h */ = {isa = PBXFileReference; fileEncoding = 4; lastKnownFileType = sourcecode.c.h; path = "NSMutableDictionary+MKNKAdditions.h"; sourceTree = "<group>"; };
		FD9A8E401CFAAF0900D31032 /* NSMutableDictionary+MKNKAdditions.m */ = {isa = PBXFileReference; fileEncoding = 4; lastKnownFileType = sourcecode.c.objc; path = "NSMutableDictionary+MKNKAdditions.m"; sourceTree = "<group>"; };
		FD9A8E411CFAAF0900D31032 /* NSString+MKNKAdditions.h */ = {isa = PBXFileReference; fileEncoding = 4; lastKnownFileType = sourcecode.c.h; path = "NSString+MKNKAdditions.h"; sourceTree = "<group>"; };
		FD9A8E421CFAAF0900D31032 /* NSString+MKNKAdditions.m */ = {isa = PBXFileReference; fileEncoding = 4; lastKnownFileType = sourcecode.c.objc; path = "NSString+MKNKAdditions.m"; sourceTree = "<group>"; };
		FD9A8E431CFAAF0900D31032 /* UIAlertView+MKNKAdditions.h */ = {isa = PBXFileReference; fileEncoding = 4; lastKnownFileType = sourcecode.c.h; path = "UIAlertView+MKNKAdditions.h"; sourceTree = "<group>"; };
		FD9A8E441CFAAF0900D31032 /* UIAlertView+MKNKAdditions.m */ = {isa = PBXFileReference; fileEncoding = 4; lastKnownFileType = sourcecode.c.objc; path = "UIAlertView+MKNKAdditions.m"; sourceTree = "<group>"; };
		FD9A8E451CFAAF0900D31032 /* UIImageView+MKNKAdditions.h */ = {isa = PBXFileReference; fileEncoding = 4; lastKnownFileType = sourcecode.c.h; path = "UIImageView+MKNKAdditions.h"; sourceTree = "<group>"; };
		FD9A8E461CFAAF0900D31032 /* UIImageView+MKNKAdditions.m */ = {isa = PBXFileReference; fileEncoding = 4; lastKnownFileType = sourcecode.c.objc; path = "UIImageView+MKNKAdditions.m"; sourceTree = "<group>"; };
		FD9A8E471CFAAF0900D31032 /* MKCache.h */ = {isa = PBXFileReference; fileEncoding = 4; lastKnownFileType = sourcecode.c.h; path = MKCache.h; sourceTree = "<group>"; };
		FD9A8E481CFAAF0900D31032 /* MKCache.m */ = {isa = PBXFileReference; fileEncoding = 4; lastKnownFileType = sourcecode.c.objc; path = MKCache.m; sourceTree = "<group>"; };
		FD9A8E491CFAAF0900D31032 /* MKNetworkHost.h */ = {isa = PBXFileReference; fileEncoding = 4; lastKnownFileType = sourcecode.c.h; path = MKNetworkHost.h; sourceTree = "<group>"; };
		FD9A8E4A1CFAAF0900D31032 /* MKNetworkHost.m */ = {isa = PBXFileReference; fileEncoding = 4; lastKnownFileType = sourcecode.c.objc; path = MKNetworkHost.m; sourceTree = "<group>"; };
		FD9A8E4B1CFAAF0900D31032 /* MKNetworkKit.h */ = {isa = PBXFileReference; fileEncoding = 4; lastKnownFileType = sourcecode.c.h; path = MKNetworkKit.h; sourceTree = "<group>"; };
		FD9A8E4C1CFAAF0900D31032 /* MKNetworkRequest.h */ = {isa = PBXFileReference; fileEncoding = 4; lastKnownFileType = sourcecode.c.h; path = MKNetworkRequest.h; sourceTree = "<group>"; };
		FD9A8E4D1CFAAF0900D31032 /* MKNetworkRequest.m */ = {isa = PBXFileReference; fileEncoding = 4; lastKnownFileType = sourcecode.c.objc; path = MKNetworkRequest.m; sourceTree = "<group>"; };
		FD9A8E4E1CFAAF0900D31032 /* MKObject.h */ = {isa = PBXFileReference; fileEncoding = 4; lastKnownFileType = sourcecode.c.h; path = MKObject.h; sourceTree = "<group>"; };
		FD9A8E4F1CFAAF0900D31032 /* MKObject.m */ = {isa = PBXFileReference; fileEncoding = 4; lastKnownFileType = sourcecode.c.objc; path = MKObject.m; sourceTree = "<group>"; };
		FD9A8EBD1CFB193B00D31032 /* MainController.h */ = {isa = PBXFileReference; fileEncoding = 4; lastKnownFileType = sourcecode.c.h; path = MainController.h; sourceTree = "<group>"; };
		FD9A8EBE1CFB193B00D31032 /* MainController.m */ = {isa = PBXFileReference; fileEncoding = 4; lastKnownFileType = sourcecode.c.objc; path = MainController.m; sourceTree = "<group>"; };
		FD9A8EC71CFB1D0900D31032 /* ic_device.png */ = {isa = PBXFileReference; lastKnownFileType = image.png; path = ic_device.png; sourceTree = "<group>"; };
		FD9A8EC91CFB1F1E00D31032 /* ic_person.png */ = {isa = PBXFileReference; lastKnownFileType = image.png; path = ic_person.png; sourceTree = "<group>"; };
		FD9A8ECA1CFB1F1E00D31032 /* ic_shop.png */ = {isa = PBXFileReference; lastKnownFileType = image.png; path = ic_shop.png; sourceTree = "<group>"; };
		FD9A8ECD1CFB223E00D31032 /* ShopController.h */ = {isa = PBXFileReference; fileEncoding = 4; lastKnownFileType = sourcecode.c.h; path = ShopController.h; sourceTree = "<group>"; };
		FD9A8ECE1CFB223E00D31032 /* ShopController.m */ = {isa = PBXFileReference; fileEncoding = 4; lastKnownFileType = sourcecode.c.objc; path = ShopController.m; sourceTree = "<group>"; };
		FD9A8ED01CFB34CE00D31032 /* PersonController.h */ = {isa = PBXFileReference; fileEncoding = 4; lastKnownFileType = sourcecode.c.h; path = PersonController.h; sourceTree = "<group>"; };
		FD9A8ED11CFB34CE00D31032 /* PersonController.m */ = {isa = PBXFileReference; fileEncoding = 4; lastKnownFileType = sourcecode.c.objc; path = PersonController.m; sourceTree = "<group>"; };
		FD9A8ED31CFB3C1000D31032 /* Person.h */ = {isa = PBXFileReference; fileEncoding = 4; lastKnownFileType = sourcecode.c.h; path = Person.h; sourceTree = "<group>"; };
		FD9A8ED41CFB3C1000D31032 /* Person.m */ = {isa = PBXFileReference; fileEncoding = 4; lastKnownFileType = sourcecode.c.objc; path = Person.m; sourceTree = "<group>"; };
		FD9A8ED61CFB460700D31032 /* ic_history.png */ = {isa = PBXFileReference; lastKnownFileType = image.png; path = ic_history.png; sourceTree = "<group>"; };
		FD9A8ED81CFB4EB000D31032 /* DeviceManageController.h */ = {isa = PBXFileReference; fileEncoding = 4; lastKnownFileType = sourcecode.c.h; path = DeviceManageController.h; sourceTree = "<group>"; };
		FD9A8ED91CFB4EB000D31032 /* DeviceManageController.m */ = {isa = PBXFileReference; fileEncoding = 4; lastKnownFileType = sourcecode.c.objc; path = DeviceManageController.m; sourceTree = "<group>"; };
		FDACDD441D24B8ED00526DA9 /* DeviceViewController.h */ = {isa = PBXFileReference; fileEncoding = 4; lastKnownFileType = sourcecode.c.h; path = DeviceViewController.h; sourceTree = "<group>"; };
		FDACDD451D24B8ED00526DA9 /* DeviceViewController.m */ = {isa = PBXFileReference; fileEncoding = 4; lastKnownFileType = sourcecode.c.objc; path = DeviceViewController.m; sourceTree = "<group>"; };
		FDDB57081D260599006E0008 /* BackgroundRunner.m */ = {isa = PBXFileReference; fileEncoding = 4; lastKnownFileType = sourcecode.c.objc; path = BackgroundRunner.m; sourceTree = "<group>"; };
		FDDB57091D260599006E0008 /* BackgroundRunner.h */ = {isa = PBXFileReference; fileEncoding = 4; lastKnownFileType = sourcecode.c.h; path = BackgroundRunner.h; sourceTree = "<group>"; };
		FDDB570B1D2617C1006E0008 /* ic_shop_blue.png */ = {isa = PBXFileReference; lastKnownFileType = image.png; path = ic_shop_blue.png; sourceTree = "<group>"; };
		FDF4C6AE1D2951FF0064B0D0 /* MonitorController.h */ = {isa = PBXFileReference; fileEncoding = 4; lastKnownFileType = sourcecode.c.h; path = MonitorController.h; sourceTree = "<group>"; };
		FDF4C6AF1D2951FF0064B0D0 /* MonitorController.m */ = {isa = PBXFileReference; fileEncoding = 4; lastKnownFileType = sourcecode.c.objc; path = MonitorController.m; sourceTree = "<group>"; };
/* End PBXFileReference section */

/* Begin PBXFrameworksBuildPhase section */
		FD91C2031CFA79F900E00A71 /* Frameworks */ = {
			isa = PBXFrameworksBuildPhase;
			buildActionMask = 2147483647;
			files = (
				FD4F2FC81CFDE09500F16054 /* libsmartlinklib_7x.a in Frameworks */,
			);
			runOnlyForDeploymentPostprocessing = 0;
		};
		FD91C21C1CFA79F900E00A71 /* Frameworks */ = {
			isa = PBXFrameworksBuildPhase;
			buildActionMask = 2147483647;
			files = (
			);
			runOnlyForDeploymentPostprocessing = 0;
		};
		FD91C2271CFA79F900E00A71 /* Frameworks */ = {
			isa = PBXFrameworksBuildPhase;
			buildActionMask = 2147483647;
			files = (
			);
			runOnlyForDeploymentPostprocessing = 0;
		};
/* End PBXFrameworksBuildPhase section */

/* Begin PBXGroup section */
		FD91C1FD1CFA79F900E00A71 = {
			isa = PBXGroup;
			children = (
				FD91C2081CFA79F900E00A71 /* airtree */,
				FD91C2221CFA79F900E00A71 /* airtreeTests */,
				FD91C22D1CFA79F900E00A71 /* airtreeUITests */,
				FD9A8E311CFAAE3200D31032 /* Frameworks */,
				FD91C2071CFA79F900E00A71 /* Products */,
			);
			sourceTree = "<group>";
		};
		FD91C2071CFA79F900E00A71 /* Products */ = {
			isa = PBXGroup;
			children = (
				FD91C2061CFA79F900E00A71 /* airtree.app */,
				FD91C21F1CFA79F900E00A71 /* airtreeTests.xctest */,
				FD91C22A1CFA79F900E00A71 /* airtreeUITests.xctest */,
			);
			name = Products;
			sourceTree = "<group>";
		};
		FD91C2081CFA79F900E00A71 /* airtree */ = {
			isa = PBXGroup;
			children = (
				FD4F2FCB1CFDE0AF00F16054 /* smartlinklib_7x.h */,
				FD4F2FC91CFDE0AF00F16054 /* HFSmartLink.h */,
				FD4F2FCA1CFDE0AF00F16054 /* HFSmartLinkDeviceInfo.h */,
				FD15DF771D27F32E00EF8100 /* DateTimePicker.h */,
				FD15DF761D27F32E00EF8100 /* DateTimePicker.m */,
				FDDB57091D260599006E0008 /* BackgroundRunner.h */,
				FDDB57081D260599006E0008 /* BackgroundRunner.m */,
				FD9A8EC31CFB1A1300D31032 /* models */,
				FD91C23C1CFA7BD900E00A71 /* images */,
				FD91C2091CFA79F900E00A71 /* Supporting Files */,
				FD91C2151CFA79F900E00A71 /* Assets.xcassets */,
				FD4F2FD51CFDF3EC00F16054 /* Main.storyboard */,
				FD91C21A1CFA79F900E00A71 /* Info.plist */,
				FD91C20C1CFA79F900E00A71 /* AppDelegate.h */,
				FD91C20D1CFA79F900E00A71 /* AppDelegate.m */,
				FD91C20F1CFA79F900E00A71 /* ViewController.h */,
				FD91C2101CFA79F900E00A71 /* ViewController.m */,
				FD9A8EBD1CFB193B00D31032 /* MainController.h */,
				FD9A8EBE1CFB193B00D31032 /* MainController.m */,
				FDACDD441D24B8ED00526DA9 /* DeviceViewController.h */,
				FDACDD451D24B8ED00526DA9 /* DeviceViewController.m */,
				FDF4C6AE1D2951FF0064B0D0 /* MonitorController.h */,
				FDF4C6AF1D2951FF0064B0D0 /* MonitorController.m */,
				FD28F9041D281DDF0064D94F /* PageContentViewController.h */,
				FD28F9051D281DDF0064D94F /* PageContentViewController.m */,
				FD9A8ECD1CFB223E00D31032 /* ShopController.h */,
				FD9A8ECE1CFB223E00D31032 /* ShopController.m */,
				FD4F2FC11CFDC2FF00F16054 /* HistoryController.h */,
				FD4F2FC21CFDC2FF00F16054 /* HistoryController.m */,
				FD9A8ED01CFB34CE00D31032 /* PersonController.h */,
				FD9A8ED11CFB34CE00D31032 /* PersonController.m */,
				FD4F2FCC1CFDEC3500F16054 /* PersonNicknameController.h */,
				FD4F2FCD1CFDEC3500F16054 /* PersonNicknameController.m */,
				FD4F2FCF1CFDEC4900F16054 /* PersonPasswordController.h */,
				FD4F2FD01CFDEC4900F16054 /* PersonPasswordController.m */,
				FD4F2FD21CFDEC5D00F16054 /* PersonFeedbackController.h */,
				FD4F2FD31CFDEC5D00F16054 /* PersonFeedbackController.m */,
				FD9A8ED81CFB4EB000D31032 /* DeviceManageController.h */,
				FD9A8ED91CFB4EB000D31032 /* DeviceManageController.m */,
				FD4F2FC41CFDDC4000F16054 /* DeviceAddController.h */,
				FD4F2FC51CFDDC4000F16054 /* DeviceAddController.m */,
				FD5A77B71CFE6D3700442E3F /* DeviceInfoController.h */,
				FD5A77B81CFE6D3700442E3F /* DeviceInfoController.m */,
				FD5A77BA1CFE74BA00442E3F /* DeviceDetailReviseController.h */,
				FD5A77BB1CFE74BA00442E3F /* DeviceDetailReviseController.m */,
				FD5A77BD1CFE7EE900442E3F /* RegisterController.h */,
				FD5A77BE1CFE7EE900442E3F /* RegisterController.m */,
				FD5A77C01CFE852400442E3F /* ForgetPwdController.h */,
				FD5A77C11CFE852400442E3F /* ForgetPwdController.m */,
			);
			path = airtree;
			sourceTree = "<group>";
		};
		FD91C2091CFA79F900E00A71 /* Supporting Files */ = {
			isa = PBXGroup;
			children = (
				FD91C20A1CFA79F900E00A71 /* main.m */,
			);
			name = "Supporting Files";
			sourceTree = "<group>";
		};
		FD91C2221CFA79F900E00A71 /* airtreeTests */ = {
			isa = PBXGroup;
			children = (
				FD91C2231CFA79F900E00A71 /* airtreeTests.m */,
				FD91C2251CFA79F900E00A71 /* Info.plist */,
			);
			path = airtreeTests;
			sourceTree = "<group>";
		};
		FD91C22D1CFA79F900E00A71 /* airtreeUITests */ = {
			isa = PBXGroup;
			children = (
				FD91C22E1CFA79F900E00A71 /* airtreeUITests.m */,
				FD91C2301CFA79F900E00A71 /* Info.plist */,
			);
			path = airtreeUITests;
			sourceTree = "<group>";
		};
		FD91C23C1CFA7BD900E00A71 /* images */ = {
			isa = PBXGroup;
			children = (
				FD28F8F81D281AF90064D94F /* very.gif */,
				FD28F8F91D281AF90064D94F /* poor.gif */,
				FD28F8FA1D281AF90064D94F /* need.gif */,
				FD28F8FB1D281AF90064D94F /* good.gif */,
				FD28F8FC1D281AF90064D94F /* general.gif */,
				FD28F8FD1D281AF90064D94F /* dontneed.gif */,
				FD15DF741D27BC9300EF8100 /* lx_icon.png */,
				FD7F0D791D263F02008A3412 /* room_bg.png */,
				FD7F0D7A1D263F02008A3412 /* line_icon.png */,
				FD7F0D7B1D263F02008A3412 /* ic_ele_5.png */,
				FD7F0D7C1D263F02008A3412 /* ic_ele_4.png */,
				FD7F0D7D1D263F02008A3412 /* ic_ele_3.png */,
				FD7F0D7E1D263F02008A3412 /* ic_ele_2.png */,
				FD7F0D7F1D263F02008A3412 /* ic_ele_1.png */,
				FD7F0D801D263F02008A3412 /* bg_wendu.png */,
				FD7F0D811D263F02008A3412 /* bg_pm.png */,
				FD7F0D821D263F02008A3412 /* bg_jiaquan.png */,
				FDDB570B1D2617C1006E0008 /* ic_shop_blue.png */,
				FD9A8ED61CFB460700D31032 /* ic_history.png */,
				FD9A8EC91CFB1F1E00D31032 /* ic_person.png */,
				FD9A8ECA1CFB1F1E00D31032 /* ic_shop.png */,
				FD9A8EC71CFB1D0900D31032 /* ic_device.png */,
				FD9A8E2F1CFA895E00D31032 /* logo.png */,
				FD9A8E251CFA872100D31032 /* ic_launcher_58x58.png */,
				FD9A8E261CFA872100D31032 /* ic_launcher_80x80.png */,
				FD9A8E271CFA872100D31032 /* ic_launcher_87x87.png */,
				FD9A8E281CFA872100D31032 /* ic_launcher_120x120.png */,
				FD9A8E291CFA872100D31032 /* ic_launcher_180x180.png */,
				FD91C23D1CFA7BD900E00A71 /* start_1242x2208.png */,
				FD91C2401CFA7BD900E00A71 /* start_750x1334.png */,
				FD91C2451CFA7D6900E00A71 /* start_640x1136.png */,
				FD91C23F1CFA7BD900E00A71 /* start_640x960.png */,
				FD91C23E1CFA7BD900E00A71 /* start_320x480.png */,
			);
			path = images;
			sourceTree = "<group>";
		};
		FD9A8E311CFAAE3200D31032 /* Frameworks */ = {
			isa = PBXGroup;
			children = (
				FD4F2FC71CFDE09500F16054 /* libsmartlinklib_7x.a */,
				FD9A8E351CFAAF0900D31032 /* MKNetworkKit */,
			);
			name = Frameworks;
			sourceTree = "<group>";
		};
		FD9A8E351CFAAF0900D31032 /* MKNetworkKit */ = {
			isa = PBXGroup;
			children = (
				FD9A8E361CFAAF0900D31032 /* Extensions */,
				FD9A8E471CFAAF0900D31032 /* MKCache.h */,
				FD9A8E481CFAAF0900D31032 /* MKCache.m */,
				FD9A8E491CFAAF0900D31032 /* MKNetworkHost.h */,
				FD9A8E4A1CFAAF0900D31032 /* MKNetworkHost.m */,
				FD9A8E4B1CFAAF0900D31032 /* MKNetworkKit.h */,
				FD9A8E4C1CFAAF0900D31032 /* MKNetworkRequest.h */,
				FD9A8E4D1CFAAF0900D31032 /* MKNetworkRequest.m */,
				FD9A8E4E1CFAAF0900D31032 /* MKObject.h */,
				FD9A8E4F1CFAAF0900D31032 /* MKObject.m */,
			);
			path = MKNetworkKit;
			sourceTree = "<group>";
		};
		FD9A8E361CFAAF0900D31032 /* Extensions */ = {
			isa = PBXGroup;
			children = (
				FD9A8E391CFAAF0900D31032 /* NSDate+RFC1123.h */,
				FD9A8E3A1CFAAF0900D31032 /* NSDate+RFC1123.m */,
				FD9A8E3B1CFAAF0900D31032 /* NSDictionary+MKNKAdditions.h */,
				FD9A8E3C1CFAAF0900D31032 /* NSDictionary+MKNKAdditions.m */,
				FD9A8E3D1CFAAF0900D31032 /* NSHTTPURLResponse+MKNKAdditions.h */,
				FD9A8E3E1CFAAF0900D31032 /* NSHTTPURLResponse+MKNKAdditions.m */,
				FD9A8E3F1CFAAF0900D31032 /* NSMutableDictionary+MKNKAdditions.h */,
				FD9A8E401CFAAF0900D31032 /* NSMutableDictionary+MKNKAdditions.m */,
				FD9A8E411CFAAF0900D31032 /* NSString+MKNKAdditions.h */,
				FD9A8E421CFAAF0900D31032 /* NSString+MKNKAdditions.m */,
				FD9A8E431CFAAF0900D31032 /* UIAlertView+MKNKAdditions.h */,
				FD9A8E441CFAAF0900D31032 /* UIAlertView+MKNKAdditions.m */,
				FD9A8E451CFAAF0900D31032 /* UIImageView+MKNKAdditions.h */,
				FD9A8E461CFAAF0900D31032 /* UIImageView+MKNKAdditions.m */,
			);
			path = Extensions;
			sourceTree = "<group>";
		};
		FD9A8EC31CFB1A1300D31032 /* models */ = {
			isa = PBXGroup;
			children = (
				FD9A8ED31CFB3C1000D31032 /* Person.h */,
				FD9A8ED41CFB3C1000D31032 /* Person.m */,
			);
			name = models;
			sourceTree = "<group>";
		};
/* End PBXGroup section */

/* Begin PBXNativeTarget section */
		FD91C2051CFA79F900E00A71 /* airtree */ = {
			isa = PBXNativeTarget;
			buildConfigurationList = FD91C2331CFA79F900E00A71 /* Build configuration list for PBXNativeTarget "airtree" */;
			buildPhases = (
				FD91C2021CFA79F900E00A71 /* Sources */,
				FD91C2031CFA79F900E00A71 /* Frameworks */,
				FD91C2041CFA79F900E00A71 /* Resources */,
			);
			buildRules = (
			);
			dependencies = (
			);
			name = airtree;
			productName = airtree;
			productReference = FD91C2061CFA79F900E00A71 /* airtree.app */;
			productType = "com.apple.product-type.application";
		};
		FD91C21E1CFA79F900E00A71 /* airtreeTests */ = {
			isa = PBXNativeTarget;
			buildConfigurationList = FD91C2361CFA79F900E00A71 /* Build configuration list for PBXNativeTarget "airtreeTests" */;
			buildPhases = (
				FD91C21B1CFA79F900E00A71 /* Sources */,
				FD91C21C1CFA79F900E00A71 /* Frameworks */,
				FD91C21D1CFA79F900E00A71 /* Resources */,
			);
			buildRules = (
			);
			dependencies = (
				FD91C2211CFA79F900E00A71 /* PBXTargetDependency */,
			);
			name = airtreeTests;
			productName = airtreeTests;
			productReference = FD91C21F1CFA79F900E00A71 /* airtreeTests.xctest */;
			productType = "com.apple.product-type.bundle.unit-test";
		};
		FD91C2291CFA79F900E00A71 /* airtreeUITests */ = {
			isa = PBXNativeTarget;
			buildConfigurationList = FD91C2391CFA79F900E00A71 /* Build configuration list for PBXNativeTarget "airtreeUITests" */;
			buildPhases = (
				FD91C2261CFA79F900E00A71 /* Sources */,
				FD91C2271CFA79F900E00A71 /* Frameworks */,
				FD91C2281CFA79F900E00A71 /* Resources */,
			);
			buildRules = (
			);
			dependencies = (
				FD91C22C1CFA79F900E00A71 /* PBXTargetDependency */,
			);
			name = airtreeUITests;
			productName = airtreeUITests;
			productReference = FD91C22A1CFA79F900E00A71 /* airtreeUITests.xctest */;
			productType = "com.apple.product-type.bundle.ui-testing";
		};
/* End PBXNativeTarget section */

/* Begin PBXProject section */
		FD91C1FE1CFA79F900E00A71 /* Project object */ = {
			isa = PBXProject;
			attributes = {
				LastUpgradeCheck = 0710;
				ORGANIZATIONNAME = "Bin Shen";
				TargetAttributes = {
					FD91C2051CFA79F900E00A71 = {
						CreatedOnToolsVersion = 7.1;
						DevelopmentTeam = 7X3Z6AJPMX;
					};
					FD91C21E1CFA79F900E00A71 = {
						CreatedOnToolsVersion = 7.1;
						DevelopmentTeam = 2ER43YEQQW;
						TestTargetID = FD91C2051CFA79F900E00A71;
					};
					FD91C2291CFA79F900E00A71 = {
						CreatedOnToolsVersion = 7.1;
						DevelopmentTeam = 2ER43YEQQW;
						TestTargetID = FD91C2051CFA79F900E00A71;
					};
				};
			};
			buildConfigurationList = FD91C2011CFA79F900E00A71 /* Build configuration list for PBXProject "airtree" */;
			compatibilityVersion = "Xcode 3.2";
			developmentRegion = English;
			hasScannedForEncodings = 0;
			knownRegions = (
				en,
				Base,
			);
			mainGroup = FD91C1FD1CFA79F900E00A71;
			productRefGroup = FD91C2071CFA79F900E00A71 /* Products */;
			projectDirPath = "";
			projectRoot = "";
			targets = (
				FD91C2051CFA79F900E00A71 /* airtree */,
				FD91C21E1CFA79F900E00A71 /* airtreeTests */,
				FD91C2291CFA79F900E00A71 /* airtreeUITests */,
			);
		};
/* End PBXProject section */

/* Begin PBXResourcesBuildPhase section */
		FD91C2041CFA79F900E00A71 /* Resources */ = {
			isa = PBXResourcesBuildPhase;
			buildActionMask = 2147483647;
			files = (
				FD9A8E301CFA895E00D31032 /* logo.png in Resources */,
				FD15DF751D27BC9300EF8100 /* lx_icon.png in Resources */,
				FD7F0D881D263F02008A3412 /* ic_ele_2.png in Resources */,
				FD7F0D8C1D263F02008A3412 /* bg_jiaquan.png in Resources */,
				FDDB570C1D2617C1006E0008 /* ic_shop_blue.png in Resources */,
				FD9A8E2E1CFA872100D31032 /* ic_launcher_180x180.png in Resources */,
				FD28F9031D281AFA0064D94F /* dontneed.gif in Resources */,
				FD28F8FF1D281AF90064D94F /* poor.gif in Resources */,
				FD9A8E2C1CFA872100D31032 /* ic_launcher_87x87.png in Resources */,
				FD28F9001D281AF90064D94F /* need.gif in Resources */,
				FD9A8ECC1CFB1F1E00D31032 /* ic_shop.png in Resources */,
				FD28F9011D281AF90064D94F /* good.gif in Resources */,
				FD7F0D861D263F02008A3412 /* ic_ele_4.png in Resources */,
				FD7F0D831D263F02008A3412 /* room_bg.png in Resources */,
				FD91C2411CFA7BD900E00A71 /* start_1242x2208.png in Resources */,
				FD7F0D8B1D263F02008A3412 /* bg_pm.png in Resources */,
				FD7F0D851D263F02008A3412 /* ic_ele_5.png in Resources */,
				FD9A8E2B1CFA872100D31032 /* ic_launcher_80x80.png in Resources */,
				FD7F0D871D263F02008A3412 /* ic_ele_3.png in Resources */,
				FD4F2FD71CFDF3EC00F16054 /* Main.storyboard in Resources */,
				FD91C2431CFA7BD900E00A71 /* start_640x960.png in Resources */,
				FD91C2441CFA7BD900E00A71 /* start_750x1334.png in Resources */,
				FD91C2421CFA7BD900E00A71 /* start_320x480.png in Resources */,
				FD91C2161CFA79F900E00A71 /* Assets.xcassets in Resources */,
				FD91C2461CFA7D6900E00A71 /* start_640x1136.png in Resources */,
				FD9A8E2D1CFA872100D31032 /* ic_launcher_120x120.png in Resources */,
				FD28F8FE1D281AF90064D94F /* very.gif in Resources */,
				FD9A8ED71CFB460700D31032 /* ic_history.png in Resources */,
				FD7F0D841D263F02008A3412 /* line_icon.png in Resources */,
				FD9A8E2A1CFA872100D31032 /* ic_launcher_58x58.png in Resources */,
				FD28F9021D281AF90064D94F /* general.gif in Resources */,
				FD9A8ECB1CFB1F1E00D31032 /* ic_person.png in Resources */,
				FD7F0D891D263F02008A3412 /* ic_ele_1.png in Resources */,
				FD7F0D8A1D263F02008A3412 /* bg_wendu.png in Resources */,
				FD9A8EC81CFB1D0900D31032 /* ic_device.png in Resources */,
			);
			runOnlyForDeploymentPostprocessing = 0;
		};
		FD91C21D1CFA79F900E00A71 /* Resources */ = {
			isa = PBXResourcesBuildPhase;
			buildActionMask = 2147483647;
			files = (
			);
			runOnlyForDeploymentPostprocessing = 0;
		};
		FD91C2281CFA79F900E00A71 /* Resources */ = {
			isa = PBXResourcesBuildPhase;
			buildActionMask = 2147483647;
			files = (
			);
			runOnlyForDeploymentPostprocessing = 0;
		};
/* End PBXResourcesBuildPhase section */

/* Begin PBXSourcesBuildPhase section */
		FD91C2021CFA79F900E00A71 /* Sources */ = {
			isa = PBXSourcesBuildPhase;
			buildActionMask = 2147483647;
			files = (
				FD9A8ED21CFB34CE00D31032 /* PersonController.m in Sources */,
				FD91C2111CFA79F900E00A71 /* ViewController.m in Sources */,
				FD28F9061D281DDF0064D94F /* PageContentViewController.m in Sources */,
				FD5A77BF1CFE7EE900442E3F /* RegisterController.m in Sources */,
				FD4F2FC31CFDC2FF00F16054 /* HistoryController.m in Sources */,
				FD9A8EDA1CFB4EB000D31032 /* DeviceManageController.m in Sources */,
				FDF4C6B01D2951FF0064B0D0 /* MonitorController.m in Sources */,
				FD4F2FD11CFDEC4900F16054 /* PersonPasswordController.m in Sources */,
				FD9A8ED51CFB3C1000D31032 /* Person.m in Sources */,
				FDDB570A1D260599006E0008 /* BackgroundRunner.m in Sources */,
				FD9A8E591CFAAF0900D31032 /* MKNetworkHost.m in Sources */,
				FD4F2FD41CFDEC5D00F16054 /* PersonFeedbackController.m in Sources */,
				FD91C20E1CFA79F900E00A71 /* AppDelegate.m in Sources */,
				FD9A8EBF1CFB193B00D31032 /* MainController.m in Sources */,
				FD9A8ECF1CFB223E00D31032 /* ShopController.m in Sources */,
				FD9A8E5B1CFAAF0900D31032 /* MKObject.m in Sources */,
				FD91C20B1CFA79F900E00A71 /* main.m in Sources */,
				FD9A8E521CFAAF0900D31032 /* NSDictionary+MKNKAdditions.m in Sources */,
				FD9A8E5A1CFAAF0900D31032 /* MKNetworkRequest.m in Sources */,
				FD4F2FCE1CFDEC3500F16054 /* PersonNicknameController.m in Sources */,
				FD9A8E561CFAAF0900D31032 /* UIAlertView+MKNKAdditions.m in Sources */,
				FD9A8E541CFAAF0900D31032 /* NSMutableDictionary+MKNKAdditions.m in Sources */,
				FD9A8E531CFAAF0900D31032 /* NSHTTPURLResponse+MKNKAdditions.m in Sources */,
				FD15DF781D27F32E00EF8100 /* DateTimePicker.m in Sources */,
				FD9A8E571CFAAF0900D31032 /* UIImageView+MKNKAdditions.m in Sources */,
				FD5A77BC1CFE74BA00442E3F /* DeviceDetailReviseController.m in Sources */,
				FD9A8E551CFAAF0900D31032 /* NSString+MKNKAdditions.m in Sources */,
				FD9A8E511CFAAF0900D31032 /* NSDate+RFC1123.m in Sources */,
				FD5A77C21CFE852400442E3F /* ForgetPwdController.m in Sources */,
				FD5A77B91CFE6D3700442E3F /* DeviceInfoController.m in Sources */,
				FDACDD461D24B8ED00526DA9 /* DeviceViewController.m in Sources */,
				FD9A8E581CFAAF0900D31032 /* MKCache.m in Sources */,
				FD4F2FC61CFDDC4000F16054 /* DeviceAddController.m in Sources */,
			);
			runOnlyForDeploymentPostprocessing = 0;
		};
		FD91C21B1CFA79F900E00A71 /* Sources */ = {
			isa = PBXSourcesBuildPhase;
			buildActionMask = 2147483647;
			files = (
				FD91C2241CFA79F900E00A71 /* airtreeTests.m in Sources */,
			);
			runOnlyForDeploymentPostprocessing = 0;
		};
		FD91C2261CFA79F900E00A71 /* Sources */ = {
			isa = PBXSourcesBuildPhase;
			buildActionMask = 2147483647;
			files = (
				FD91C22F1CFA79F900E00A71 /* airtreeUITests.m in Sources */,
			);
			runOnlyForDeploymentPostprocessing = 0;
		};
/* End PBXSourcesBuildPhase section */

/* Begin PBXTargetDependency section */
		FD91C2211CFA79F900E00A71 /* PBXTargetDependency */ = {
			isa = PBXTargetDependency;
			target = FD91C2051CFA79F900E00A71 /* airtree */;
			targetProxy = FD91C2201CFA79F900E00A71 /* PBXContainerItemProxy */;
		};
		FD91C22C1CFA79F900E00A71 /* PBXTargetDependency */ = {
			isa = PBXTargetDependency;
			target = FD91C2051CFA79F900E00A71 /* airtree */;
			targetProxy = FD91C22B1CFA79F900E00A71 /* PBXContainerItemProxy */;
		};
/* End PBXTargetDependency section */

/* Begin PBXVariantGroup section */
		FD4F2FD51CFDF3EC00F16054 /* Main.storyboard */ = {
			isa = PBXVariantGroup;
			children = (
				FD4F2FD61CFDF3EC00F16054 /* Base */,
			);
			name = Main.storyboard;
			sourceTree = "<group>";
		};
/* End PBXVariantGroup section */

/* Begin XCBuildConfiguration section */
		FD91C2311CFA79F900E00A71 /* Debug */ = {
			isa = XCBuildConfiguration;
			buildSettings = {
				ALWAYS_SEARCH_USER_PATHS = NO;
				CLANG_CXX_LANGUAGE_STANDARD = "gnu++0x";
				CLANG_CXX_LIBRARY = "libc++";
				CLANG_ENABLE_MODULES = YES;
				CLANG_ENABLE_OBJC_ARC = YES;
				CLANG_WARN_BOOL_CONVERSION = YES;
				CLANG_WARN_CONSTANT_CONVERSION = YES;
				CLANG_WARN_DIRECT_OBJC_ISA_USAGE = YES_ERROR;
				CLANG_WARN_EMPTY_BODY = YES;
				CLANG_WARN_ENUM_CONVERSION = YES;
				CLANG_WARN_INT_CONVERSION = YES;
				CLANG_WARN_OBJC_ROOT_CLASS = YES_ERROR;
				CLANG_WARN_UNREACHABLE_CODE = YES;
				CLANG_WARN__DUPLICATE_METHOD_MATCH = YES;
				"CODE_SIGN_IDENTITY[sdk=iphoneos*]" = "iPhone Developer";
				COPY_PHASE_STRIP = NO;
				DEBUG_INFORMATION_FORMAT = dwarf;
				ENABLE_STRICT_OBJC_MSGSEND = YES;
				ENABLE_TESTABILITY = YES;
				GCC_C_LANGUAGE_STANDARD = gnu99;
				GCC_DYNAMIC_NO_PIC = NO;
				GCC_NO_COMMON_BLOCKS = YES;
				GCC_OPTIMIZATION_LEVEL = 0;
				GCC_PREPROCESSOR_DEFINITIONS = (
					"DEBUG=1",
					"$(inherited)",
				);
				GCC_WARN_64_TO_32_BIT_CONVERSION = YES;
				GCC_WARN_ABOUT_RETURN_TYPE = YES_ERROR;
				GCC_WARN_UNDECLARED_SELECTOR = YES;
				GCC_WARN_UNINITIALIZED_AUTOS = YES_AGGRESSIVE;
				GCC_WARN_UNUSED_FUNCTION = YES;
				GCC_WARN_UNUSED_VARIABLE = YES;
				IPHONEOS_DEPLOYMENT_TARGET = 9.1;
				MTL_ENABLE_DEBUG_INFO = YES;
				ONLY_ACTIVE_ARCH = YES;
				SDKROOT = iphoneos;
			};
			name = Debug;
		};
		FD91C2321CFA79F900E00A71 /* Release */ = {
			isa = XCBuildConfiguration;
			buildSettings = {
				ALWAYS_SEARCH_USER_PATHS = NO;
				CLANG_CXX_LANGUAGE_STANDARD = "gnu++0x";
				CLANG_CXX_LIBRARY = "libc++";
				CLANG_ENABLE_MODULES = YES;
				CLANG_ENABLE_OBJC_ARC = YES;
				CLANG_WARN_BOOL_CONVERSION = YES;
				CLANG_WARN_CONSTANT_CONVERSION = YES;
				CLANG_WARN_DIRECT_OBJC_ISA_USAGE = YES_ERROR;
				CLANG_WARN_EMPTY_BODY = YES;
				CLANG_WARN_ENUM_CONVERSION = YES;
				CLANG_WARN_INT_CONVERSION = YES;
				CLANG_WARN_OBJC_ROOT_CLASS = YES_ERROR;
				CLANG_WARN_UNREACHABLE_CODE = YES;
				CLANG_WARN__DUPLICATE_METHOD_MATCH = YES;
				"CODE_SIGN_IDENTITY[sdk=iphoneos*]" = "iPhone Developer";
				COPY_PHASE_STRIP = NO;
				DEBUG_INFORMATION_FORMAT = "dwarf-with-dsym";
				ENABLE_NS_ASSERTIONS = NO;
				ENABLE_STRICT_OBJC_MSGSEND = YES;
				GCC_C_LANGUAGE_STANDARD = gnu99;
				GCC_NO_COMMON_BLOCKS = YES;
				GCC_WARN_64_TO_32_BIT_CONVERSION = YES;
				GCC_WARN_ABOUT_RETURN_TYPE = YES_ERROR;
				GCC_WARN_UNDECLARED_SELECTOR = YES;
				GCC_WARN_UNINITIALIZED_AUTOS = YES_AGGRESSIVE;
				GCC_WARN_UNUSED_FUNCTION = YES;
				GCC_WARN_UNUSED_VARIABLE = YES;
				IPHONEOS_DEPLOYMENT_TARGET = 9.1;
				MTL_ENABLE_DEBUG_INFO = NO;
				SDKROOT = iphoneos;
				VALIDATE_PRODUCT = YES;
			};
			name = Release;
		};
		FD91C2341CFA79F900E00A71 /* Debug */ = {
			isa = XCBuildConfiguration;
			buildSettings = {
				ASSETCATALOG_COMPILER_APPICON_NAME = AppIcon;
				ASSETCATALOG_COMPILER_LAUNCHIMAGE_NAME = LaunchImage;
				CODE_SIGN_IDENTITY = "iPhone Developer";
				"CODE_SIGN_IDENTITY[sdk=iphoneos*]" = "iPhone Developer";
				INFOPLIST_FILE = airtree/Info.plist;
				IPHONEOS_DEPLOYMENT_TARGET = 8.1;
				LD_RUNPATH_SEARCH_PATHS = "$(inherited) @executable_path/Frameworks";
				LIBRARY_SEARCH_PATHS = (
					"$(inherited)",
					"$(PROJECT_DIR)",
				);
				PRODUCT_BUNDLE_IDENTIFIER = com.moral.airtree2;
				PRODUCT_NAME = "$(TARGET_NAME)";
				PROVISIONING_PROFILE = "";
			};
			name = Debug;
		};
		FD91C2351CFA79F900E00A71 /* Release */ = {
			isa = XCBuildConfiguration;
			buildSettings = {
				ASSETCATALOG_COMPILER_APPICON_NAME = AppIcon;
				ASSETCATALOG_COMPILER_LAUNCHIMAGE_NAME = LaunchImage;
				CODE_SIGN_IDENTITY = "iPhone Developer";
				"CODE_SIGN_IDENTITY[sdk=iphoneos*]" = "iPhone Developer";
				INFOPLIST_FILE = airtree/Info.plist;
				IPHONEOS_DEPLOYMENT_TARGET = 8.1;
				LD_RUNPATH_SEARCH_PATHS = "$(inherited) @executable_path/Frameworks";
				LIBRARY_SEARCH_PATHS = (
					"$(inherited)",
					"$(PROJECT_DIR)",
				);
				PRODUCT_BUNDLE_IDENTIFIER = com.moral.airtree2;
				PRODUCT_NAME = "$(TARGET_NAME)";
				PROVISIONING_PROFILE = "";
			};
			name = Release;
		};
		FD91C2371CFA79F900E00A71 /* Debug */ = {
			isa = XCBuildConfiguration;
			buildSettings = {
				BUNDLE_LOADER = "$(TEST_HOST)";
				INFOPLIST_FILE = airtreeTests/Info.plist;
				LD_RUNPATH_SEARCH_PATHS = "$(inherited) @executable_path/Frameworks @loader_path/Frameworks";
				PRODUCT_BUNDLE_IDENTIFIER = com.moral.airtreeTests;
				PRODUCT_NAME = "$(TARGET_NAME)";
				TEST_HOST = "$(BUILT_PRODUCTS_DIR)/airtree.app/airtree";
			};
			name = Debug;
		};
		FD91C2381CFA79F900E00A71 /* Release */ = {
			isa = XCBuildConfiguration;
			buildSettings = {
				BUNDLE_LOADER = "$(TEST_HOST)";
				INFOPLIST_FILE = airtreeTests/Info.plist;
				LD_RUNPATH_SEARCH_PATHS = "$(inherited) @executable_path/Frameworks @loader_path/Frameworks";
				PRODUCT_BUNDLE_IDENTIFIER = com.moral.airtreeTests;
				PRODUCT_NAME = "$(TARGET_NAME)";
				TEST_HOST = "$(BUILT_PRODUCTS_DIR)/airtree.app/airtree";
			};
			name = Release;
		};
		FD91C23A1CFA79F900E00A71 /* Debug */ = {
			isa = XCBuildConfiguration;
			buildSettings = {
				INFOPLIST_FILE = airtreeUITests/Info.plist;
				LD_RUNPATH_SEARCH_PATHS = "$(inherited) @executable_path/Frameworks @loader_path/Frameworks";
				PRODUCT_BUNDLE_IDENTIFIER = com.moral.airtreeUITests;
				PRODUCT_NAME = "$(TARGET_NAME)";
				TEST_TARGET_NAME = airtree;
				USES_XCTRUNNER = YES;
			};
			name = Debug;
		};
		FD91C23B1CFA79F900E00A71 /* Release */ = {
			isa = XCBuildConfiguration;
			buildSettings = {
				INFOPLIST_FILE = airtreeUITests/Info.plist;
				LD_RUNPATH_SEARCH_PATHS = "$(inherited) @executable_path/Frameworks @loader_path/Frameworks";
				PRODUCT_BUNDLE_IDENTIFIER = com.moral.airtreeUITests;
				PRODUCT_NAME = "$(TARGET_NAME)";
				TEST_TARGET_NAME = airtree;
				USES_XCTRUNNER = YES;
			};
			name = Release;
		};
/* End XCBuildConfiguration section */

/* Begin XCConfigurationList section */
		FD91C2011CFA79F900E00A71 /* Build configuration list for PBXProject "airtree" */ = {
			isa = XCConfigurationList;
			buildConfigurations = (
				FD91C2311CFA79F900E00A71 /* Debug */,
				FD91C2321CFA79F900E00A71 /* Release */,
			);
			defaultConfigurationIsVisible = 0;
			defaultConfigurationName = Release;
		};
		FD91C2331CFA79F900E00A71 /* Build configuration list for PBXNativeTarget "airtree" */ = {
			isa = XCConfigurationList;
			buildConfigurations = (
				FD91C2341CFA79F900E00A71 /* Debug */,
				FD91C2351CFA79F900E00A71 /* Release */,
			);
			defaultConfigurationIsVisible = 0;
			defaultConfigurationName = Release;
		};
		FD91C2361CFA79F900E00A71 /* Build configuration list for PBXNativeTarget "airtreeTests" */ = {
			isa = XCConfigurationList;
			buildConfigurations = (
				FD91C2371CFA79F900E00A71 /* Debug */,
				FD91C2381CFA79F900E00A71 /* Release */,
			);
			defaultConfigurationIsVisible = 0;
			defaultConfigurationName = Release;
		};
		FD91C2391CFA79F900E00A71 /* Build configuration list for PBXNativeTarget "airtreeUITests" */ = {
			isa = XCConfigurationList;
			buildConfigurations = (
				FD91C23A1CFA79F900E00A71 /* Debug */,
				FD91C23B1CFA79F900E00A71 /* Release */,
			);
			defaultConfigurationIsVisible = 0;
			defaultConfigurationName = Release;
		};
/* End XCConfigurationList section */
	};
	rootObject = FD91C1FE1CFA79F900E00A71 /* Project object */;
}
